
Microsoft Visual Studio Solution File, Format Version 12.00
# Visual Studio Version 17
VisualStudioVersion = 17.14.36221.1 d17.14
MinimumVisualStudioVersion = 10.0.40219.1
Project("{FAE04EC0-301F-11D3-BF4B-00C04F79EFBC}") = "class09.EF", "class09.EF\class09.EF.csproj", "{F89CA8F7-D893-4D1B-8217-D9A9A844BBA3}"
EndProject
Global
	GlobalSection(SolutionConfigurationPlatforms) = preSolution
		Debug|Any CPU = Debug|Any CPU
		Release|Any CPU = Release|Any CPU
	EndGlobalSection
	GlobalSection(ProjectConfigurationPlatforms) = postSolution
		{F89CA8F7-D893-4D1B-8217-D9A9A844BBA3}.Debug|Any CPU.ActiveCfg = Debug|Any CPU
		{F89CA8F7-D893-4D1B-8217-D9A9A844BBA3}.Debug|Any CPU.Build.0 = Debug|Any CPU
		{F89CA8F7-D893-4D1B-8217-D9A9A844BBA3}.Release|Any CPU.ActiveCfg = Release|Any CPU
		{F89CA8F7-D893-4D1B-8217-D9A9A844BBA3}.Release|Any CPU.Build.0 = Release|Any CPU
	EndGlobalSection
	GlobalSection(SolutionProperties) = preSolution
		HideSolutionNode = FALSE
	EndGlobalSection
	GlobalSection(ExtensibilityGlobals) = postSolution
		SolutionGuid = {686D230C-900B-460F-A224-FA6F225D2E12}
	EndGlobalSection
EndGlobal
