
Microsoft Visual Studio Solution File, Format Version 12.00
# Visual Studio Version 17
VisualStudioVersion = 17.14.36310.24 d17.14
MinimumVisualStudioVersion = 10.0.40219.1
Project("{FAE04EC0-301F-11D3-BF4B-00C04F79EFBC}") = "MovieRentalApp.Web", "MovieRentalApp.Web\MovieRentalApp.Web.csproj", "{1540FF6C-C3C3-4137-9BC8-8AB558152D66}"
EndProject
Project("{FAE04EC0-301F-11D3-BF4B-00C04F79EFBC}") = "MovieRentalApp.Domain", "MovieRentalApp.Domain\MovieRentalApp.Domain.csproj", "{A8D89563-345D-41EC-8A65-E38CA4BC2F30}"
EndProject
Project("{FAE04EC0-301F-11D3-BF4B-00C04F79EFBC}") = "MovieRentalApp.Database", "MovieRentalApp.Database\MovieRentalApp.Database.csproj", "{E1F7CBC8-91B8-413E-8641-AFCA7187D857}"
EndProject
Project("{FAE04EC0-301F-11D3-BF4B-00C04F79EFBC}") = "MovieRentalApp.Services", "MovieRentalApp.Services\MovieRentalApp.Services.csproj", "{394DBEB1-4BF9-44CC-9907-DED57BAF2863}"
EndProject
Project("{FAE04EC0-301F-11D3-BF4B-00C04F79EFBC}") = "MovieRentalApp.Dtos", "MovieRentalApp.Dtos\MovieRentalApp.Dtos.csproj", "{94EA4B82-8FC7-4C3C-AE0A-87FD07BF5560}"
EndProject
Global
	GlobalSection(SolutionConfigurationPlatforms) = preSolution
		Debug|Any CPU = Debug|Any CPU
		Release|Any CPU = Release|Any CPU
	EndGlobalSection
	GlobalSection(ProjectConfigurationPlatforms) = postSolution
		{1540FF6C-C3C3-4137-9BC8-8AB558152D66}.Debug|Any CPU.ActiveCfg = Debug|Any CPU
		{1540FF6C-C3C3-4137-9BC8-8AB558152D66}.Debug|Any CPU.Build.0 = Debug|Any CPU
		{1540FF6C-C3C3-4137-9BC8-8AB558152D66}.Release|Any CPU.ActiveCfg = Release|Any CPU
		{1540FF6C-C3C3-4137-9BC8-8AB558152D66}.Release|Any CPU.Build.0 = Release|Any CPU
		{A8D89563-345D-41EC-8A65-E38CA4BC2F30}.Debug|Any CPU.ActiveCfg = Debug|Any CPU
		{A8D89563-345D-41EC-8A65-E38CA4BC2F30}.Debug|Any CPU.Build.0 = Debug|Any CPU
		{A8D89563-345D-41EC-8A65-E38CA4BC2F30}.Release|Any CPU.ActiveCfg = Release|Any CPU
		{A8D89563-345D-41EC-8A65-E38CA4BC2F30}.Release|Any CPU.Build.0 = Release|Any CPU
		{E1F7CBC8-91B8-413E-8641-AFCA7187D857}.Debug|Any CPU.ActiveCfg = Debug|Any CPU
		{E1F7CBC8-91B8-413E-8641-AFCA7187D857}.Debug|Any CPU.Build.0 = Debug|Any CPU
		{E1F7CBC8-91B8-413E-8641-AFCA7187D857}.Release|Any CPU.ActiveCfg = Release|Any CPU
		{E1F7CBC8-91B8-413E-8641-AFCA7187D857}.Release|Any CPU.Build.0 = Release|Any CPU
		{394DBEB1-4BF9-44CC-9907-DED57BAF2863}.Debug|Any CPU.ActiveCfg = Debug|Any CPU
		{394DBEB1-4BF9-44CC-9907-DED57BAF2863}.Debug|Any CPU.Build.0 = Debug|Any CPU
		{394DBEB1-4BF9-44CC-9907-DED57BAF2863}.Release|Any CPU.ActiveCfg = Release|Any CPU
		{394DBEB1-4BF9-44CC-9907-DED57BAF2863}.Release|Any CPU.Build.0 = Release|Any CPU
		{94EA4B82-8FC7-4C3C-AE0A-87FD07BF5560}.Debug|Any CPU.ActiveCfg = Debug|Any CPU
		{94EA4B82-8FC7-4C3C-AE0A-87FD07BF5560}.Debug|Any CPU.Build.0 = Debug|Any CPU
		{94EA4B82-8FC7-4C3C-AE0A-87FD07BF5560}.Release|Any CPU.ActiveCfg = Release|Any CPU
		{94EA4B82-8FC7-4C3C-AE0A-87FD07BF5560}.Release|Any CPU.Build.0 = Release|Any CPU
	EndGlobalSection
	GlobalSection(SolutionProperties) = preSolution
		HideSolutionNode = FALSE
	EndGlobalSection
	GlobalSection(ExtensibilityGlobals) = postSolution
		SolutionGuid = {1318BA82-F6AC-4BD8-845E-7F49B9EE5540}
	EndGlobalSection
EndGlobal
