
Microsoft Visual Studio Solution File, Format Version 12.00
# Visual Studio Version 17
VisualStudioVersion = 17.14.36121.58 d17.14
MinimumVisualStudioVersion = 10.0.40219.1
Project("{FAE04EC0-301F-11D3-BF4B-00C04F79EFBC}") = "EF", "EF\EF.csproj", "{DF7B0D08-5FA2-403F-9399-4F02106FAFFC}"
EndProject
Global
	GlobalSection(SolutionConfigurationPlatforms) = preSolution
		Debug|Any CPU = Debug|Any CPU
		Release|Any CPU = Release|Any CPU
	EndGlobalSection
	GlobalSection(ProjectConfigurationPlatforms) = postSolution
		{DF7B0D08-5FA2-403F-9399-4F02106FAFFC}.Debug|Any CPU.ActiveCfg = Debug|Any CPU
		{DF7B0D08-5FA2-403F-9399-4F02106FAFFC}.Debug|Any CPU.Build.0 = Debug|Any CPU
		{DF7B0D08-5FA2-403F-9399-4F02106FAFFC}.Release|Any CPU.ActiveCfg = Release|Any CPU
		{DF7B0D08-5FA2-403F-9399-4F02106FAFFC}.Release|Any CPU.Build.0 = Release|Any CPU
	EndGlobalSection
	GlobalSection(SolutionProperties) = preSolution
		HideSolutionNode = FALSE
	EndGlobalSection
	GlobalSection(ExtensibilityGlobals) = postSolution
		SolutionGuid = {74D33D3E-B6A0-4575-B9BD-5EF0A55730D7}
	EndGlobalSection
EndGlobal
